{
    "name": "mikser-io-sdk-react",
    "version": "0.5.0",
    "lockfileVersion": 3,
    "requires": true,
    "packages": {
        "": {
            "name": "mikser-io-sdk-react",
            "version": "0.5.0",
            "license": "MIT",
            "peerDependencies": {
                "mikser-io-sdk-api": "^3.1.0",
                "react": "^18.0.0 || ^19.0.0",
                "react-router-dom": "^6.0.0 || ^7.0.0"
            },
            "peerDependenciesMeta": {
                "react-router-dom": {
                    "optional": true
                }
            }
        },
        "node_modules/mikser-io-sdk-api": {
            "version": "3.1.0",
            "resolved": "https://registry.npmjs.org/mikser-io-sdk-api/-/mikser-io-sdk-api-3.1.0.tgz",
            "integrity": "sha512-9aV/zP1uJX7KBozQrS+9qMeD6cjf4MlWgU+tp9bKRnLTarYTU3rNmRIxi2KUDIBci0X1/WfRbdbvpxUFi2CriQ==",
            "license": "MIT",
            "peer": true,
            "engines": {
                "node": ">=18"
            }
        },
        "node_modules/react": {
            "version": "19.2.7",
            "resolved": "https://registry.npmjs.org/react/-/react-19.2.7.tgz",
            "integrity": "sha512-HNe9WslTbXmFK8o8cmwgAeJFSBvt1bPdHCVKtaaV+WlAN36mpT4hcRpwbf3fY56ar2oIXzsBpOAiIRHAdY0OlQ==",
            "license": "MIT",
            "peer": true,
            "engines": {
                "node": ">=0.10.0"
            }
        }
    }
}
